
Microsoft Visual Studio Solution File, Format Version 12.00
# Visual Studio 15
VisualStudioVersion = 15.0.28010.2016
MinimumVisualStudioVersion = 10.0.40219.1
Project("{FAE04EC0-301F-11D3-BF4B-00C04F79EFBC}") = "TruffleSnuffle", "TruffleSnuffle\TruffleSnuffle.csproj", "{12076F38-EFB6-4F7B-9F75-614927E0A614}"
EndProject
Global
	GlobalSection(SolutionConfigurationPlatforms) = preSolution
		Debug|x86 = Debug|x86
		Release|x86 = Release|x86
	EndGlobalSection
	GlobalSection(ProjectConfigurationPlatforms) = postSolution
		{12076F38-EFB6-4F7B-9F75-614927E0A614}.Debug|x86.ActiveCfg = Debug|x86
		{12076F38-EFB6-4F7B-9F75-614927E0A614}.Debug|x86.Build.0 = Debug|x86
		{12076F38-EFB6-4F7B-9F75-614927E0A614}.Release|x86.ActiveCfg = Release|x86
		{12076F38-EFB6-4F7B-9F75-614927E0A614}.Release|x86.Build.0 = Release|x86
	EndGlobalSection
	GlobalSection(SolutionProperties) = preSolution
		HideSolutionNode = FALSE
	EndGlobalSection
	GlobalSection(ExtensibilityGlobals) = postSolution
		SolutionGuid = {643854DA-1586-4C63-A065-B47C3A4CFEEF}
	EndGlobalSection
EndGlobal
